<?xml version="1.0" encoding="UTF-8" standalone="yes" ?>
<CodeBlocks_project_file>
	<FileVersion major="1" minor="6" />
	<Project>
		<Option title="dakiilib" />
		<Option pch_mode="2" />
		<Option compiler="gcc" />
		<Build>
			<Target title="Linux_Debug">
				<Option output="dakii_linuxd" prefix_auto="1" extension_auto="1" />
				<Option working_dir="" />
				<Option object_output="obj/linux/Debug/" />
				<Option type="2" />
				<Option compiler="gcc" />
				<Option createDefFile="1" />
				<Compiler>
					<Add option="-g" />
					<Add option="-D_DEBUG" />
				</Compiler>
			</Target>
			<Target title="Linux_Release">
				<Option output="dakii_linux" prefix_auto="1" extension_auto="1" />
				<Option working_dir="" />
				<Option object_output="obj/linux/Release/" />
				<Option type="2" />
				<Option compiler="gcc" />
				<Option createDefFile="1" />
				<Compiler>
					<Add option="-O2" />
					<Add option="-DNDEBUG" />
				</Compiler>
				<Linker>
					<Add option="-s" />
				</Linker>
			</Target>
		</Build>
		<Compiler>
			<Add option="-Wall" />
			<Add option="`sdl2-config --cflags`" />
			<Add option="-D_LINUX" />
			<Add directory="dfc" />
			<Add directory="helper" />
			<Add directory="lib" />
			<Add directory="/usr/include/SDL2" />
		</Compiler>
		<Linker>
			<Add option="`sdl2-config --libs`" />
		</Linker>
		<Unit filename="README.md" />
		<Unit filename="dfc/dfc.h" />
		<Unit filename="dfc/dfc3DEntity.cpp" />
		<Unit filename="dfc/dfc3DEntity.h" />
		<Unit filename="dfc/dfc3DMaze.cpp" />
		<Unit filename="dfc/dfc3DMaze.h" />
		<Unit filename="dfc/dfc3DSprite.cpp" />
		<Unit filename="dfc/dfc3DSprite.h" />
		<Unit filename="dfc/dfcApp.cpp" />
		<Unit filename="dfc/dfcApp.h" />
		<Unit filename="dfc/dfcBackground.cpp" />
		<Unit filename="dfc/dfcBackground.h" />
		<Unit filename="dfc/dfcButton.cpp" />
		<Unit filename="dfc/dfcButton.h" />
		<Unit filename="dfc/dfcCamera.cpp" />
		<Unit filename="dfc/dfcCamera.h" />
		<Unit filename="dfc/dfcContext.cpp" />
		<Unit filename="dfc/dfcContext.h" />
		<Unit filename="dfc/dfcDictionary.cpp" />
		<Unit filename="dfc/dfcDictionary.h" />
		<Unit filename="dfc/dfcEntity.cpp" />
		<Unit filename="dfc/dfcEntity.h" />
		<Unit filename="dfc/dfcFont.cpp" />
		<Unit filename="dfc/dfcFont.h" />
		<Unit filename="dfc/dfcLabel.cpp" />
		<Unit filename="dfc/dfcLabel.h" />
		<Unit filename="dfc/dfcMusic.cpp" />
		<Unit filename="dfc/dfcMusic.h" />
		<Unit filename="dfc/dfcObj.cpp" />
		<Unit filename="dfc/dfcObj.h" />
		<Unit filename="dfc/dfcPhysObj.cpp" />
		<Unit filename="dfc/dfcPhysObj.h" />
		<Unit filename="dfc/dfcRPGEngine.cpp" />
		<Unit filename="dfc/dfcRPGEngine.h" />
		<Unit filename="dfc/dfcRPGEngineEntities.cpp" />
		<Unit filename="dfc/dfcRPGEngineEntities.h" />
		<Unit filename="dfc/dfcRPGEngineItems.cpp" />
		<Unit filename="dfc/dfcRPGEngineItems.h" />
		<Unit filename="dfc/dfcRPGEngineSpells.cpp" />
		<Unit filename="dfc/dfcRPGEngineSpells.h" />
		<Unit filename="dfc/dfcSceneEngine.cpp" />
		<Unit filename="dfc/dfcSceneEngine.h" />
		<Unit filename="dfc/dfcSceneNodes.cpp" />
		<Unit filename="dfc/dfcSceneNodes.h" />
		<Unit filename="dfc/dfcSound.cpp" />
		<Unit filename="dfc/dfcSound.h" />
		<Unit filename="helper/DString.cpp" />
		<Unit filename="helper/DString.h" />
		<Unit filename="helper/XMLLoader.cpp" />
		<Unit filename="helper/XMLLoader.h" />
		<Unit filename="lib/lib.h" />
		<Unit filename="lib/libMacros.h" />
		<Unit filename="lib/libMath.cpp" />
		<Unit filename="lib/libMath.h" />
		<Unit filename="lib/libMng3D.h" />
		<Unit filename="lib/libMngGraphic.h" />
		<Unit filename="lib/libMngIO.cpp" />
		<Unit filename="lib/libMngIO.h" />
		<Unit filename="lib/libMngInput.h" />
		<Unit filename="lib/libMngResIO.cpp" />
		<Unit filename="lib/libMngResIO.h" />
		<Unit filename="lib/libMngSound.h" />
		<Unit filename="lib/libTypes.h" />
		<Unit filename="lib/linux/libMacros_linux.h" />
		<Unit filename="lib/linux/libMng3D_linux.cpp" />
		<Unit filename="lib/linux/libMng3D_linux.h" />
		<Unit filename="lib/linux/libMngGraphic_linux.cpp" />
		<Unit filename="lib/linux/libMngGraphic_linux.h" />
		<Unit filename="lib/linux/libMngInput_linux.cpp" />
		<Unit filename="lib/linux/libMngInput_linux.h" />
		<Unit filename="lib/linux/libMngSound_linux.cpp" />
		<Unit filename="lib/linux/libMngSound_linux.h" />
		<Unit filename="lib/linux/libSystem_linux.cpp" />
		<Unit filename="lib/linux/libTypes_linux.h" />
		<Unit filename="lib/linux/lib_linux.h" />
		<Extensions>
			<envvars />
			<code_completion />
			<debugger />
		</Extensions>
	</Project>
</CodeBlocks_project_file>
